
Microsoft Visual Studio Solution File, Format Version 12.00
# Visual Studio Version 17
VisualStudioVersion = 17.4.33205.214
MinimumVisualStudioVersion = 10.0.40219.1
Project("{9A19103F-16F7-4668-BE54-9A1E7A4F7556}") = "StaticExample", "ConsoleApp1\StaticExample.csproj", "{AF5CEC40-2BEE-4794-A350-DB6848C3FDF7}"
EndProject
Project("{9A19103F-16F7-4668-BE54-9A1E7A4F7556}") = "static_app", "static_app\static_app.csproj", "{FEBB92F6-2481-49FD-9D29-5EA23BC0E0B1}"
EndProject
Project("{9A19103F-16F7-4668-BE54-9A1E7A4F7556}") = "PartialClassess", "PartialClassess\PartialClassess.csproj", "{37A199B1-A937-4A57-A112-D12F46A31DEE}"
EndProject
Project("{9A19103F-16F7-4668-BE54-9A1E7A4F7556}") = "PartialClassessExercise", "PartialClassessExercise\PartialClassessExercise.csproj", "{A3CA2A36-FEA0-44B5-8EDB-FCB7C7B97B62}"
EndProject
Global
	GlobalSection(SolutionConfigurationPlatforms) = preSolution
		Debug|Any CPU = Debug|Any CPU
		Release|Any CPU = Release|Any CPU
	EndGlobalSection
	GlobalSection(ProjectConfigurationPlatforms) = postSolution
		{AF5CEC40-2BEE-4794-A350-DB6848C3FDF7}.Debug|Any CPU.ActiveCfg = Debug|Any CPU
		{AF5CEC40-2BEE-4794-A350-DB6848C3FDF7}.Debug|Any CPU.Build.0 = Debug|Any CPU
		{AF5CEC40-2BEE-4794-A350-DB6848C3FDF7}.Release|Any CPU.ActiveCfg = Release|Any CPU
		{AF5CEC40-2BEE-4794-A350-DB6848C3FDF7}.Release|Any CPU.Build.0 = Release|Any CPU
		{FEBB92F6-2481-49FD-9D29-5EA23BC0E0B1}.Debug|Any CPU.ActiveCfg = Debug|Any CPU
		{FEBB92F6-2481-49FD-9D29-5EA23BC0E0B1}.Debug|Any CPU.Build.0 = Debug|Any CPU
		{FEBB92F6-2481-49FD-9D29-5EA23BC0E0B1}.Release|Any CPU.ActiveCfg = Release|Any CPU
		{FEBB92F6-2481-49FD-9D29-5EA23BC0E0B1}.Release|Any CPU.Build.0 = Release|Any CPU
		{37A199B1-A937-4A57-A112-D12F46A31DEE}.Debug|Any CPU.ActiveCfg = Debug|Any CPU
		{37A199B1-A937-4A57-A112-D12F46A31DEE}.Debug|Any CPU.Build.0 = Debug|Any CPU
		{37A199B1-A937-4A57-A112-D12F46A31DEE}.Release|Any CPU.ActiveCfg = Release|Any CPU
		{37A199B1-A937-4A57-A112-D12F46A31DEE}.Release|Any CPU.Build.0 = Release|Any CPU
		{A3CA2A36-FEA0-44B5-8EDB-FCB7C7B97B62}.Debug|Any CPU.ActiveCfg = Debug|Any CPU
		{A3CA2A36-FEA0-44B5-8EDB-FCB7C7B97B62}.Debug|Any CPU.Build.0 = Debug|Any CPU
		{A3CA2A36-FEA0-44B5-8EDB-FCB7C7B97B62}.Release|Any CPU.ActiveCfg = Release|Any CPU
		{A3CA2A36-FEA0-44B5-8EDB-FCB7C7B97B62}.Release|Any CPU.Build.0 = Release|Any CPU
	EndGlobalSection
	GlobalSection(SolutionProperties) = preSolution
		HideSolutionNode = FALSE
	EndGlobalSection
	GlobalSection(ExtensibilityGlobals) = postSolution
		SolutionGuid = {9AEF8C65-260D-4DA5-BD81-A47B40E352B0}
	EndGlobalSection
EndGlobal
