
Microsoft Visual Studio Solution File, Format Version 12.00
# Visual Studio Version 17
VisualStudioVersion = 17.4.33205.214
MinimumVisualStudioVersion = 10.0.40219.1
Project("{9A19103F-16F7-4668-BE54-9A1E7A4F7556}") = "2022.12.27", "ConsoleApp1\2022.12.27.csproj", "{38940FC7-8090-4FB9-A45A-2941E71C611C}"
EndProject
Global
	GlobalSection(SolutionConfigurationPlatforms) = preSolution
		Debug|Any CPU = Debug|Any CPU
		Release|Any CPU = Release|Any CPU
	EndGlobalSection
	GlobalSection(ProjectConfigurationPlatforms) = postSolution
		{38940FC7-8090-4FB9-A45A-2941E71C611C}.Debug|Any CPU.ActiveCfg = Debug|Any CPU
		{38940FC7-8090-4FB9-A45A-2941E71C611C}.Debug|Any CPU.Build.0 = Debug|Any CPU
		{38940FC7-8090-4FB9-A45A-2941E71C611C}.Release|Any CPU.ActiveCfg = Release|Any CPU
		{38940FC7-8090-4FB9-A45A-2941E71C611C}.Release|Any CPU.Build.0 = Release|Any CPU
	EndGlobalSection
	GlobalSection(SolutionProperties) = preSolution
		HideSolutionNode = FALSE
	EndGlobalSection
	GlobalSection(ExtensibilityGlobals) = postSolution
		SolutionGuid = {F464A792-1A30-42F6-A79F-BCB97BC6EAD1}
	EndGlobalSection
EndGlobal
