
Microsoft Visual Studio Solution File, Format Version 12.00
# Visual Studio Version 17
VisualStudioVersion = 17.4.33205.214
MinimumVisualStudioVersion = 10.0.40219.1
Project("{9A19103F-16F7-4668-BE54-9A1E7A4F7556}") = "Abstract and sealed", "2023.01.09\Abstract and sealed.csproj", "{70691BCE-0E1A-4034-B27A-AF77EFABC3D6}"
EndProject
Project("{9A19103F-16F7-4668-BE54-9A1E7A4F7556}") = "2023.01.09_sealed_class", "2023.01.09_sealed_class\2023.01.09_sealed_class.csproj", "{009295CC-62D5-4114-B1C0-E6E9220A46DF}"
EndProject
Global
	GlobalSection(SolutionConfigurationPlatforms) = preSolution
		Debug|Any CPU = Debug|Any CPU
		Release|Any CPU = Release|Any CPU
	EndGlobalSection
	GlobalSection(ProjectConfigurationPlatforms) = postSolution
		{70691BCE-0E1A-4034-B27A-AF77EFABC3D6}.Debug|Any CPU.ActiveCfg = Debug|Any CPU
		{70691BCE-0E1A-4034-B27A-AF77EFABC3D6}.Debug|Any CPU.Build.0 = Debug|Any CPU
		{70691BCE-0E1A-4034-B27A-AF77EFABC3D6}.Release|Any CPU.ActiveCfg = Release|Any CPU
		{70691BCE-0E1A-4034-B27A-AF77EFABC3D6}.Release|Any CPU.Build.0 = Release|Any CPU
		{009295CC-62D5-4114-B1C0-E6E9220A46DF}.Debug|Any CPU.ActiveCfg = Debug|Any CPU
		{009295CC-62D5-4114-B1C0-E6E9220A46DF}.Debug|Any CPU.Build.0 = Debug|Any CPU
		{009295CC-62D5-4114-B1C0-E6E9220A46DF}.Release|Any CPU.ActiveCfg = Release|Any CPU
		{009295CC-62D5-4114-B1C0-E6E9220A46DF}.Release|Any CPU.Build.0 = Release|Any CPU
	EndGlobalSection
	GlobalSection(SolutionProperties) = preSolution
		HideSolutionNode = FALSE
	EndGlobalSection
	GlobalSection(ExtensibilityGlobals) = postSolution
		SolutionGuid = {C92CC8E6-CC9E-4EB7-BB31-358AFA5FA7A6}
	EndGlobalSection
EndGlobal
