
Microsoft Visual Studio Solution File, Format Version 12.00
# Visual Studio Version 17
VisualStudioVersion = 17.4.33205.214
MinimumVisualStudioVersion = 10.0.40219.1
Project("{FAE04EC0-301F-11D3-BF4B-00C04F79EFBC}") = "2023.01.17_PizzaOrder", "2023.01.17_PizzaOrder\2023.01.17_PizzaOrder.csproj", "{78AFC43D-5853-476F-B881-E677CBDDDC37}"
EndProject
Global
	GlobalSection(SolutionConfigurationPlatforms) = preSolution
		Debug|Any CPU = Debug|Any CPU
		Release|Any CPU = Release|Any CPU
	EndGlobalSection
	GlobalSection(ProjectConfigurationPlatforms) = postSolution
		{78AFC43D-5853-476F-B881-E677CBDDDC37}.Debug|Any CPU.ActiveCfg = Debug|Any CPU
		{78AFC43D-5853-476F-B881-E677CBDDDC37}.Debug|Any CPU.Build.0 = Debug|Any CPU
		{78AFC43D-5853-476F-B881-E677CBDDDC37}.Release|Any CPU.ActiveCfg = Release|Any CPU
		{78AFC43D-5853-476F-B881-E677CBDDDC37}.Release|Any CPU.Build.0 = Release|Any CPU
	EndGlobalSection
	GlobalSection(SolutionProperties) = preSolution
		HideSolutionNode = FALSE
	EndGlobalSection
	GlobalSection(ExtensibilityGlobals) = postSolution
		SolutionGuid = {3AAA040C-7C79-48E8-98D8-D7AB3C37FC00}
	EndGlobalSection
EndGlobal
