
Microsoft Visual Studio Solution File, Format Version 12.00
# Visual Studio Version 17
VisualStudioVersion = 17.4.33205.214
MinimumVisualStudioVersion = 10.0.40219.1
Project("{FAE04EC0-301F-11D3-BF4B-00C04F79EFBC}") = "2023.02.27SeleniumFirstProject", "2023.02.27SeleniumFirstProject\2023.02.27SeleniumFirstProject.csproj", "{63E74EDE-3BD2-424C-90C9-F547C1DD139F}"
EndProject
Global
	GlobalSection(SolutionConfigurationPlatforms) = preSolution
		Debug|Any CPU = Debug|Any CPU
		Release|Any CPU = Release|Any CPU
	EndGlobalSection
	GlobalSection(ProjectConfigurationPlatforms) = postSolution
		{63E74EDE-3BD2-424C-90C9-F547C1DD139F}.Debug|Any CPU.ActiveCfg = Debug|Any CPU
		{63E74EDE-3BD2-424C-90C9-F547C1DD139F}.Debug|Any CPU.Build.0 = Debug|Any CPU
		{63E74EDE-3BD2-424C-90C9-F547C1DD139F}.Release|Any CPU.ActiveCfg = Release|Any CPU
		{63E74EDE-3BD2-424C-90C9-F547C1DD139F}.Release|Any CPU.Build.0 = Release|Any CPU
	EndGlobalSection
	GlobalSection(SolutionProperties) = preSolution
		HideSolutionNode = FALSE
	EndGlobalSection
	GlobalSection(ExtensibilityGlobals) = postSolution
		SolutionGuid = {98998B47-7DFF-436C-B5C5-19256EFD646E}
	EndGlobalSection
EndGlobal
