
Microsoft Visual Studio Solution File, Format Version 12.00
# Visual Studio Version 17
VisualStudioVersion = 17.4.33205.214
MinimumVisualStudioVersion = 10.0.40219.1
Project("{FAE04EC0-301F-11D3-BF4B-00C04F79EFBC}") = "2023.02.02DATABASE", "2023.02.02DATABASE\2023.02.02DATABASE.csproj", "{0B524644-ACB5-4C00-8FFA-4D1C6A385D93}"
EndProject
Global
	GlobalSection(SolutionConfigurationPlatforms) = preSolution
		Debug|Any CPU = Debug|Any CPU
		Release|Any CPU = Release|Any CPU
	EndGlobalSection
	GlobalSection(ProjectConfigurationPlatforms) = postSolution
		{0B524644-ACB5-4C00-8FFA-4D1C6A385D93}.Debug|Any CPU.ActiveCfg = Debug|Any CPU
		{0B524644-ACB5-4C00-8FFA-4D1C6A385D93}.Debug|Any CPU.Build.0 = Debug|Any CPU
		{0B524644-ACB5-4C00-8FFA-4D1C6A385D93}.Release|Any CPU.ActiveCfg = Release|Any CPU
		{0B524644-ACB5-4C00-8FFA-4D1C6A385D93}.Release|Any CPU.Build.0 = Release|Any CPU
	EndGlobalSection
	GlobalSection(SolutionProperties) = preSolution
		HideSolutionNode = FALSE
	EndGlobalSection
	GlobalSection(ExtensibilityGlobals) = postSolution
		SolutionGuid = {BC450CDD-E030-4708-AD98-432F3657FC71}
	EndGlobalSection
EndGlobal
