
Microsoft Visual Studio Solution File, Format Version 12.00
# Visual Studio Version 17
VisualStudioVersion = 17.4.33205.214
MinimumVisualStudioVersion = 10.0.40219.1
Project("{FAE04EC0-301F-11D3-BF4B-00C04F79EFBC}") = "2023.01.06_exercise", "2023.01.06_exercise\2023.01.06_exercise.csproj", "{1C450926-0232-4486-9677-2180C076027B}"
EndProject
Global
	GlobalSection(SolutionConfigurationPlatforms) = preSolution
		Debug|Any CPU = Debug|Any CPU
		Release|Any CPU = Release|Any CPU
	EndGlobalSection
	GlobalSection(ProjectConfigurationPlatforms) = postSolution
		{1C450926-0232-4486-9677-2180C076027B}.Debug|Any CPU.ActiveCfg = Debug|Any CPU
		{1C450926-0232-4486-9677-2180C076027B}.Debug|Any CPU.Build.0 = Debug|Any CPU
		{1C450926-0232-4486-9677-2180C076027B}.Release|Any CPU.ActiveCfg = Release|Any CPU
		{1C450926-0232-4486-9677-2180C076027B}.Release|Any CPU.Build.0 = Release|Any CPU
	EndGlobalSection
	GlobalSection(SolutionProperties) = preSolution
		HideSolutionNode = FALSE
	EndGlobalSection
	GlobalSection(ExtensibilityGlobals) = postSolution
		SolutionGuid = {494AF26F-56EA-436E-9506-3F61DD31271C}
	EndGlobalSection
EndGlobal
