
Microsoft Visual Studio Solution File, Format Version 12.00
# Visual Studio Version 17
VisualStudioVersion = 17.4.33205.214
MinimumVisualStudioVersion = 10.0.40219.1
Project("{9A19103F-16F7-4668-BE54-9A1E7A4F7556}") = "ShopAppExercise", "ShopAppExercise.csproj", "{9C0A22BB-7941-465A-AA27-7EF0A277FC97}"
EndProject
Global
	GlobalSection(SolutionConfigurationPlatforms) = preSolution
		Debug|Any CPU = Debug|Any CPU
		Release|Any CPU = Release|Any CPU
	EndGlobalSection
	GlobalSection(ProjectConfigurationPlatforms) = postSolution
		{9C0A22BB-7941-465A-AA27-7EF0A277FC97}.Debug|Any CPU.ActiveCfg = Debug|Any CPU
		{9C0A22BB-7941-465A-AA27-7EF0A277FC97}.Debug|Any CPU.Build.0 = Debug|Any CPU
		{9C0A22BB-7941-465A-AA27-7EF0A277FC97}.Release|Any CPU.ActiveCfg = Release|Any CPU
		{9C0A22BB-7941-465A-AA27-7EF0A277FC97}.Release|Any CPU.Build.0 = Release|Any CPU
	EndGlobalSection
	GlobalSection(SolutionProperties) = preSolution
		HideSolutionNode = FALSE
	EndGlobalSection
	GlobalSection(ExtensibilityGlobals) = postSolution
		SolutionGuid = {EAE7E6B2-6598-495C-8C8A-C46CC3D9F5BB}
	EndGlobalSection
EndGlobal
